Microsoft Visual Studio Solution File, Format Version 12.00
# Visual Studio Version 17
VisualStudioVersion = 17.5.2.0
MinimumVisualStudioVersion = 10.0.40219.1
Project("{FAE04EC0-301F-11D3-BF4B-00C04F79EFBC}") = "TimeAlignSurvey", "TimeAlignSurvey.csproj", "{059C9B4E-6026-7FB1-D9D2-DC5D7D06AB16}"
EndProject
Global
	GlobalSection(SolutionConfigurationPlatforms) = preSolution
		Debug|Any CPU = Debug|Any CPU
		Release|Any CPU = Release|Any CPU
	EndGlobalSection
	GlobalSection(ProjectConfigurationPlatforms) = postSolution
		{059C9B4E-6026-7FB1-D9D2-DC5D7D06AB16}.Debug|Any CPU.ActiveCfg = Debug|Any CPU
		{059C9B4E-6026-7FB1-D9D2-DC5D7D06AB16}.Debug|Any CPU.Build.0 = Debug|Any CPU
		{059C9B4E-6026-7FB1-D9D2-DC5D7D06AB16}.Release|Any CPU.ActiveCfg = Release|Any CPU
		{059C9B4E-6026-7FB1-D9D2-DC5D7D06AB16}.Release|Any CPU.Build.0 = Release|Any CPU
	EndGlobalSection
	GlobalSection(SolutionProperties) = preSolution
		HideSolutionNode = FALSE
	EndGlobalSection
	GlobalSection(ExtensibilityGlobals) = postSolution
		SolutionGuid = {A6439A2F-067E-4691-BB3A-8F4D6DC545DB}
	EndGlobalSection
EndGlobal
